
Microsoft Visual Studio Solution File, Format Version 12.00
# Visual Studio Version 17
VisualStudioVersion = 17.1.32328.378
MinimumVisualStudioVersion = 10.0.40219.1
Project("{FAE04EC0-301F-11D3-BF4B-00C04F79EFBC}") = "Semana09DPAEFCore.API", "Semana09DPAEFCore.API\Semana09DPAEFCore.API.csproj", "{C624D3AE-94A3-4977-8917-71F2A2912C7E}"
EndProject
Global
	GlobalSection(SolutionConfigurationPlatforms) = preSolution
		Debug|Any CPU = Debug|Any CPU
		Release|Any CPU = Release|Any CPU
	EndGlobalSection
	GlobalSection(ProjectConfigurationPlatforms) = postSolution
		{C624D3AE-94A3-4977-8917-71F2A2912C7E}.Debug|Any CPU.ActiveCfg = Debug|Any CPU
		{C624D3AE-94A3-4977-8917-71F2A2912C7E}.Debug|Any CPU.Build.0 = Debug|Any CPU
		{C624D3AE-94A3-4977-8917-71F2A2912C7E}.Release|Any CPU.ActiveCfg = Release|Any CPU
		{C624D3AE-94A3-4977-8917-71F2A2912C7E}.Release|Any CPU.Build.0 = Release|Any CPU
	EndGlobalSection
	GlobalSection(SolutionProperties) = preSolution
		HideSolutionNode = FALSE
	EndGlobalSection
	GlobalSection(ExtensibilityGlobals) = postSolution
		SolutionGuid = {6218ED69-85F8-4669-9400-C5E455D16A27}
	EndGlobalSection
EndGlobal
